// !$*UTF8*$!
{
	archiveVersion = 1;
	classes = {
	};
	objectVersion = 70;
	objects = {

/* Begin PBXBuildFile section */
		0720D47E2CD70C48007A28C1 /* CameraViewModel.swift in Sources */ = {isa = PBXBuildFile; fileRef = 0720D47D2CD70C42007A28C1 /* CameraViewModel.swift */; };
		0720D4862CD7125E007A28C1 /* CameraError.swift in Sources */ = {isa = PBXBuildFile; fileRef = 0720D4852CD7125A007A28C1 /* CameraError.swift */; };
		0720D48E2CD713BC007A28C1 /* HomepageViewModel.swift in Sources */ = {isa = PBXBuildFile; fileRef = 0720D48D2CD713B4007A28C1 /* HomepageViewModel.swift */; };
		0720D4B82CD7650F007A28C1 /* Photo.swift in Sources */ = {isa = PBXBuildFile; fileRef = 0720D4B72CD7650F007A28C1 /* Photo.swift */; };
		076249A92CE4953800E6BA4F /* Alamofire in Frameworks */ = {isa = PBXBuildFile; productRef = 076249A82CE4953800E6BA4F /* Alamofire */; };
		076249B32CE497A500E6BA4F /* ChatViewModel.swift in Sources */ = {isa = PBXBuildFile; fileRef = 076249B22CE497A200E6BA4F /* ChatViewModel.swift */; };
		076249B52CE497B300E6BA4F /* ChatView.swift in Sources */ = {isa = PBXBuildFile; fileRef = 076249B42CE497AF00E6BA4F /* ChatView.swift */; };
		076249B72CE4988500E6BA4F /* ChatMessage.swift in Sources */ = {isa = PBXBuildFile; fileRef = 076249B62CE4988000E6BA4F /* ChatMessage.swift */; };
		076249C12CE4A0D900E6BA4F /* OpenAIModels.swift in Sources */ = {isa = PBXBuildFile; fileRef = 076249C02CE4A0CA00E6BA4F /* OpenAIModels.swift */; };
		076249C32CE4A57400E6BA4F /* CapturedImageViewModel.swift in Sources */ = {isa = PBXBuildFile; fileRef = 076249C22CE4A56E00E6BA4F /* CapturedImageViewModel.swift */; };
		D14B50C22CD1E4A100929A23 /* Scripto-2OR2v.ttf in Resources */ = {isa = PBXBuildFile; fileRef = D14B50C12CD1E4A100929A23 /* Scripto-2OR2v.ttf */; };
		D15D68D32CC060D000E57708 /* Snap2SpoonApp.swift in Sources */ = {isa = PBXBuildFile; fileRef = D15D68D22CC060D000E57708 /* Snap2SpoonApp.swift */; };
		D15D68D52CC060D000E57708 /* ContentView.swift in Sources */ = {isa = PBXBuildFile; fileRef = D15D68D42CC060D000E57708 /* ContentView.swift */; };
		D15D68D72CC060D300E57708 /* Assets.xcassets in Resources */ = {isa = PBXBuildFile; fileRef = D15D68D62CC060D300E57708 /* Assets.xcassets */; };
		D15D68DA2CC060D300E57708 /* Preview Assets.xcassets in Resources */ = {isa = PBXBuildFile; fileRef = D15D68D92CC060D300E57708 /* Preview Assets.xcassets */; };
		D15D68E42CC061FB00E57708 /* ExampleModel.swift in Sources */ = {isa = PBXBuildFile; fileRef = D15D68E32CC061FB00E57708 /* ExampleModel.swift */; };
		D15D68E62CC0625B00E57708 /* ExampleViewModel.swift in Sources */ = {isa = PBXBuildFile; fileRef = D15D68E52CC0625B00E57708 /* ExampleViewModel.swift */; };
		D15D68EA2CC0629400E57708 /* ExampleView.swift in Sources */ = {isa = PBXBuildFile; fileRef = D15D68E92CC0629400E57708 /* ExampleView.swift */; };
		D579E3992CED6D610022DB7D /* RecipeModel.swift in Sources */ = {isa = PBXBuildFile; fileRef = D579E3982CED6D550022DB7D /* RecipeModel.swift */; };
		D579E3A02CEE5A480022DB7D /* RecipeView.swift in Sources */ = {isa = PBXBuildFile; fileRef = D579E39F2CEE5A440022DB7D /* RecipeView.swift */; };
/* End PBXBuildFile section */

/* Begin PBXCopyFilesBuildPhase section */
		076249BB2CE49C3200E6BA4F /* Embed Frameworks */ = {
			isa = PBXCopyFilesBuildPhase;
			buildActionMask = 2147483647;
			dstPath = "";
			dstSubfolderSpec = 10;
			files = (
			);
			name = "Embed Frameworks";
			runOnlyForDeploymentPostprocessing = 0;
		};
/* End PBXCopyFilesBuildPhase section */

/* Begin PBXFileReference section */
		0720D47C2CD70B2F007A28C1 /* Info.plist */ = {isa = PBXFileReference; lastKnownFileType = text.plist; path = Info.plist; sourceTree = "<group>"; };
		0720D47D2CD70C42007A28C1 /* CameraViewModel.swift */ = {isa = PBXFileReference; lastKnownFileType = sourcecode.swift; path = CameraViewModel.swift; sourceTree = "<group>"; };
		0720D4852CD7125A007A28C1 /* CameraError.swift */ = {isa = PBXFileReference; lastKnownFileType = sourcecode.swift; path = CameraError.swift; sourceTree = "<group>"; };
		0720D48D2CD713B4007A28C1 /* HomepageViewModel.swift */ = {isa = PBXFileReference; lastKnownFileType = sourcecode.swift; path = HomepageViewModel.swift; sourceTree = "<group>"; };
		0720D4B72CD7650F007A28C1 /* Photo.swift */ = {isa = PBXFileReference; lastKnownFileType = sourcecode.swift; path = Photo.swift; sourceTree = "<group>"; };
		076249B22CE497A200E6BA4F /* ChatViewModel.swift */ = {isa = PBXFileReference; lastKnownFileType = sourcecode.swift; path = ChatViewModel.swift; sourceTree = "<group>"; };
		076249B42CE497AF00E6BA4F /* ChatView.swift */ = {isa = PBXFileReference; lastKnownFileType = sourcecode.swift; path = ChatView.swift; sourceTree = "<group>"; };
		076249B62CE4988000E6BA4F /* ChatMessage.swift */ = {isa = PBXFileReference; lastKnownFileType = sourcecode.swift; path = ChatMessage.swift; sourceTree = "<group>"; };
		076249C02CE4A0CA00E6BA4F /* OpenAIModels.swift */ = {isa = PBXFileReference; lastKnownFileType = sourcecode.swift; path = OpenAIModels.swift; sourceTree = "<group>"; };
		076249C22CE4A56E00E6BA4F /* CapturedImageViewModel.swift */ = {isa = PBXFileReference; lastKnownFileType = sourcecode.swift; path = CapturedImageViewModel.swift; sourceTree = "<group>"; };
		D14B50C12CD1E4A100929A23 /* Scripto-2OR2v.ttf */ = {isa = PBXFileReference; lastKnownFileType = file; path = "Scripto-2OR2v.ttf"; sourceTree = "<group>"; };
		D15D68CF2CC060D000E57708 /* Snap2Spoon.app */ = {isa = PBXFileReference; explicitFileType = wrapper.application; includeInIndex = 0; path = Snap2Spoon.app; sourceTree = BUILT_PRODUCTS_DIR; };
		D15D68D22CC060D000E57708 /* Snap2SpoonApp.swift */ = {isa = PBXFileReference; lastKnownFileType = sourcecode.swift; path = Snap2SpoonApp.swift; sourceTree = "<group>"; };
		D15D68D42CC060D000E57708 /* ContentView.swift */ = {isa = PBXFileReference; lastKnownFileType = sourcecode.swift; path = ContentView.swift; sourceTree = "<group>"; };
		D15D68D62CC060D300E57708 /* Assets.xcassets */ = {isa = PBXFileReference; lastKnownFileType = folder.assetcatalog; path = Assets.xcassets; sourceTree = "<group>"; };
		D15D68D92CC060D300E57708 /* Preview Assets.xcassets */ = {isa = PBXFileReference; lastKnownFileType = folder.assetcatalog; path = "Preview Assets.xcassets"; sourceTree = "<group>"; };
		D15D68E32CC061FB00E57708 /* ExampleModel.swift */ = {isa = PBXFileReference; lastKnownFileType = sourcecode.swift; path = ExampleModel.swift; sourceTree = "<group>"; };
		D15D68E52CC0625B00E57708 /* ExampleViewModel.swift */ = {isa = PBXFileReference; lastKnownFileType = sourcecode.swift; path = ExampleViewModel.swift; sourceTree = "<group>"; };
		D15D68E92CC0629400E57708 /* ExampleView.swift */ = {isa = PBXFileReference; lastKnownFileType = sourcecode.swift; path = ExampleView.swift; sourceTree = "<group>"; };
		D579E3982CED6D550022DB7D /* RecipeModel.swift */ = {isa = PBXFileReference; lastKnownFileType = sourcecode.swift; path = RecipeModel.swift; sourceTree = "<group>"; };
		D579E39F2CEE5A440022DB7D /* RecipeView.swift */ = {isa = PBXFileReference; lastKnownFileType = sourcecode.swift; path = RecipeView.swift; sourceTree = "<group>"; };
/* End PBXFileReference section */

/* Begin PBXFileSystemSynchronizedRootGroup section */
		0720D48F2CD713CB007A28C1 /* Camera */ = {isa = PBXFileSystemSynchronizedRootGroup; explicitFileTypes = {}; explicitFolders = (); path = Camera; sourceTree = "<group>"; };
		0720D4912CD713D6007A28C1 /* Homepage */ = {isa = PBXFileSystemSynchronizedRootGroup; explicitFileTypes = {}; explicitFolders = (); path = Homepage; sourceTree = "<group>"; };
		0720D4A32CD720A1007A28C1 /* Services */ = {isa = PBXFileSystemSynchronizedRootGroup; explicitFileTypes = {}; explicitFolders = (); path = Services; sourceTree = "<group>"; };
		D579E39B2CEDC5D70022DB7D /* Resources */ = {isa = PBXFileSystemSynchronizedRootGroup; explicitFileTypes = {}; explicitFolders = (); path = Resources; sourceTree = "<group>"; };
/* End PBXFileSystemSynchronizedRootGroup section */

/* Begin PBXFrameworksBuildPhase section */
		D15D68CC2CC060D000E57708 /* Frameworks */ = {
			isa = PBXFrameworksBuildPhase;
			buildActionMask = 2147483647;
			files = (
				076249A92CE4953800E6BA4F /* Alamofire in Frameworks */,
			);
			runOnlyForDeploymentPostprocessing = 0;
		};
/* End PBXFrameworksBuildPhase section */

/* Begin PBXGroup section */
		076249BC2CE49C3B00E6BA4F /* Frameworks */ = {
			isa = PBXGroup;
			children = (
			);
			name = Frameworks;
			sourceTree = "<group>";
		};
		D14B50C02CD1E47C00929A23 /* Fonts */ = {
			isa = PBXGroup;
			children = (
				D14B50C12CD1E4A100929A23 /* Scripto-2OR2v.ttf */,
			);
			path = Fonts;
			sourceTree = "<group>";
		};
		D15D68C62CC060D000E57708 = {
			isa = PBXGroup;
			children = (
				D579E39B2CEDC5D70022DB7D /* Resources */,
				D15D68D12CC060D000E57708 /* Snap2Spoon */,
				076249BC2CE49C3B00E6BA4F /* Frameworks */,
				D15D68D02CC060D000E57708 /* Products */,
			);
			sourceTree = "<group>";
		};
		D15D68D02CC060D000E57708 /* Products */ = {
			isa = PBXGroup;
			children = (
				D15D68CF2CC060D000E57708 /* Snap2Spoon.app */,
			);
			name = Products;
			sourceTree = "<group>";
		};
		D15D68D12CC060D000E57708 /* Snap2Spoon */ = {
			isa = PBXGroup;
			children = (
				0720D47C2CD70B2F007A28C1 /* Info.plist */,
				D15D68E12CC060F300E57708 /* Model */,
				D15D68E02CC060E000E57708 /* ViewModel */,
				D15D68E22CC0610600E57708 /* View */,
				D15D68D42CC060D000E57708 /* ContentView.swift */,
				D15D68D22CC060D000E57708 /* Snap2SpoonApp.swift */,
				D15D68D62CC060D300E57708 /* Assets.xcassets */,
				D14B50C02CD1E47C00929A23 /* Fonts */,
				D15D68D82CC060D300E57708 /* Preview Content */,
			);
			path = Snap2Spoon;
			sourceTree = "<group>";
		};
		D15D68D82CC060D300E57708 /* Preview Content */ = {
			isa = PBXGroup;
			children = (
				D15D68D92CC060D300E57708 /* Preview Assets.xcassets */,
			);
			path = "Preview Content";
			sourceTree = "<group>";
		};
		D15D68E02CC060E000E57708 /* ViewModel */ = {
			isa = PBXGroup;
			children = (
				076249C22CE4A56E00E6BA4F /* CapturedImageViewModel.swift */,
				076249B22CE497A200E6BA4F /* ChatViewModel.swift */,
				0720D48D2CD713B4007A28C1 /* HomepageViewModel.swift */,
				0720D47D2CD70C42007A28C1 /* CameraViewModel.swift */,
				D15D68E52CC0625B00E57708 /* ExampleViewModel.swift */,
			);
			path = ViewModel;
			sourceTree = "<group>";
		};
		D15D68E12CC060F300E57708 /* Model */ = {
			isa = PBXGroup;
			children = (
				D579E3982CED6D550022DB7D /* RecipeModel.swift */,
				076249C02CE4A0CA00E6BA4F /* OpenAIModels.swift */,
				076249B62CE4988000E6BA4F /* ChatMessage.swift */,
				0720D4B72CD7650F007A28C1 /* Photo.swift */,
				0720D4852CD7125A007A28C1 /* CameraError.swift */,
				D15D68E32CC061FB00E57708 /* ExampleModel.swift */,
				0720D4A32CD720A1007A28C1 /* Services */,
			);
			path = Model;
			sourceTree = "<group>";
		};
		D15D68E22CC0610600E57708 /* View */ = {
			isa = PBXGroup;
			children = (
				D579E39F2CEE5A440022DB7D /* RecipeView.swift */,
				076249B42CE497AF00E6BA4F /* ChatView.swift */,
				0720D4912CD713D6007A28C1 /* Homepage */,
				0720D48F2CD713CB007A28C1 /* Camera */,
				D15D68E92CC0629400E57708 /* ExampleView.swift */,
			);
			path = View;
			sourceTree = "<group>";
		};
/* End PBXGroup section */

/* Begin PBXNativeTarget section */
		D15D68CE2CC060D000E57708 /* Snap2Spoon */ = {
			isa = PBXNativeTarget;
			buildConfigurationList = D15D68DD2CC060D300E57708 /* Build configuration list for PBXNativeTarget "Snap2Spoon" */;
			buildPhases = (
				D15D68CB2CC060D000E57708 /* Sources */,
				D15D68CC2CC060D000E57708 /* Frameworks */,
				D15D68CD2CC060D000E57708 /* Resources */,
				076249BB2CE49C3200E6BA4F /* Embed Frameworks */,
			);
			buildRules = (
			);
			dependencies = (
			);
			fileSystemSynchronizedGroups = (
				0720D48F2CD713CB007A28C1 /* Camera */,
				0720D4912CD713D6007A28C1 /* Homepage */,
				0720D4A32CD720A1007A28C1 /* Services */,
			);
			name = Snap2Spoon;
			productName = Snap2Spoon;
			productReference = D15D68CF2CC060D000E57708 /* Snap2Spoon.app */;
			productType = "com.apple.product-type.application";
		};
/* End PBXNativeTarget section */

/* Begin PBXProject section */
		D15D68C72CC060D000E57708 /* Project object */ = {
			isa = PBXProject;
			attributes = {
				BuildIndependentTargetsInParallel = 1;
				LastSwiftUpdateCheck = 1540;
				LastUpgradeCheck = 1540;
				TargetAttributes = {
					D15D68CE2CC060D000E57708 = {
						CreatedOnToolsVersion = 15.4;
					};
				};
			};
			buildConfigurationList = D15D68CA2CC060D000E57708 /* Build configuration list for PBXProject "Snap2Spoon" */;
			compatibilityVersion = "Xcode 14.0";
			developmentRegion = en;
			hasScannedForEncodings = 0;
			knownRegions = (
				en,
				Base,
			);
			mainGroup = D15D68C62CC060D000E57708;
			packageReferences = (
				076249A72CE4953800E6BA4F /* XCRemoteSwiftPackageReference "Alamofire" */,
			);
			productRefGroup = D15D68D02CC060D000E57708 /* Products */;
			projectDirPath = "";
			projectRoot = "";
			targets = (
				D15D68CE2CC060D000E57708 /* Snap2Spoon */,
			);
		};
/* End PBXProject section */

/* Begin PBXResourcesBuildPhase section */
		D15D68CD2CC060D000E57708 /* Resources */ = {
			isa = PBXResourcesBuildPhase;
			buildActionMask = 2147483647;
			files = (
				D15D68DA2CC060D300E57708 /* Preview Assets.xcassets in Resources */,
				D14B50C22CD1E4A100929A23 /* Scripto-2OR2v.ttf in Resources */,
				D15D68D72CC060D300E57708 /* Assets.xcassets in Resources */,
			);
			runOnlyForDeploymentPostprocessing = 0;
		};
/* End PBXResourcesBuildPhase section */

/* Begin PBXSourcesBuildPhase section */
		D15D68CB2CC060D000E57708 /* Sources */ = {
			isa = PBXSourcesBuildPhase;
			buildActionMask = 2147483647;
			files = (
				076249C12CE4A0D900E6BA4F /* OpenAIModels.swift in Sources */,
				0720D4B82CD7650F007A28C1 /* Photo.swift in Sources */,
				D15D68D52CC060D000E57708 /* ContentView.swift in Sources */,
				0720D4862CD7125E007A28C1 /* CameraError.swift in Sources */,
				D579E3A02CEE5A480022DB7D /* RecipeView.swift in Sources */,
				D15D68E62CC0625B00E57708 /* ExampleViewModel.swift in Sources */,
				D579E3992CED6D610022DB7D /* RecipeModel.swift in Sources */,
				D15D68D32CC060D000E57708 /* Snap2SpoonApp.swift in Sources */,
				076249B72CE4988500E6BA4F /* ChatMessage.swift in Sources */,
				076249B32CE497A500E6BA4F /* ChatViewModel.swift in Sources */,
				076249B52CE497B300E6BA4F /* ChatView.swift in Sources */,
				0720D47E2CD70C48007A28C1 /* CameraViewModel.swift in Sources */,
				D15D68E42CC061FB00E57708 /* ExampleModel.swift in Sources */,
				0720D48E2CD713BC007A28C1 /* HomepageViewModel.swift in Sources */,
				D15D68EA2CC0629400E57708 /* ExampleView.swift in Sources */,
				076249C32CE4A57400E6BA4F /* CapturedImageViewModel.swift in Sources */,
			);
			runOnlyForDeploymentPostprocessing = 0;
		};
/* End PBXSourcesBuildPhase section */

/* Begin XCBuildConfiguration section */
		D15D68DB2CC060D300E57708 /* Debug */ = {
			isa = XCBuildConfiguration;
			buildSettings = {
				ALWAYS_SEARCH_USER_PATHS = NO;
				ASSETCATALOG_COMPILER_GENERATE_SWIFT_ASSET_SYMBOL_EXTENSIONS = YES;
				CLANG_ANALYZER_NONNULL = YES;
				CLANG_ANALYZER_NUMBER_OBJECT_CONVERSION = YES_AGGRESSIVE;
				CLANG_CXX_LANGUAGE_STANDARD = "gnu++20";
				CLANG_ENABLE_MODULES = YES;
				CLANG_ENABLE_OBJC_ARC = YES;
				CLANG_ENABLE_OBJC_WEAK = YES;
				CLANG_WARN_BLOCK_CAPTURE_AUTORELEASING = YES;
				CLANG_WARN_BOOL_CONVERSION = YES;
				CLANG_WARN_COMMA = YES;
				CLANG_WARN_CONSTANT_CONVERSION = YES;
				CLANG_WARN_DEPRECATED_OBJC_IMPLEMENTATIONS = YES;
				CLANG_WARN_DIRECT_OBJC_ISA_USAGE = YES_ERROR;
				CLANG_WARN_DOCUMENTATION_COMMENTS = YES;
				CLANG_WARN_EMPTY_BODY = YES;
				CLANG_WARN_ENUM_CONVERSION = YES;
				CLANG_WARN_INFINITE_RECURSION = YES;
				CLANG_WARN_INT_CONVERSION = YES;
				CLANG_WARN_NON_LITERAL_NULL_CONVERSION = YES;
				CLANG_WARN_OBJC_IMPLICIT_RETAIN_SELF = YES;
				CLANG_WARN_OBJC_LITERAL_CONVERSION = YES;
				CLANG_WARN_OBJC_ROOT_CLASS = YES_ERROR;
				CLANG_WARN_QUOTED_INCLUDE_IN_FRAMEWORK_HEADER = YES;
				CLANG_WARN_RANGE_LOOP_ANALYSIS = YES;
				CLANG_WARN_STRICT_PROTOTYPES = YES;
				CLANG_WARN_SUSPICIOUS_MOVE = YES;
				CLANG_WARN_UNGUARDED_AVAILABILITY = YES_AGGRESSIVE;
				CLANG_WARN_UNREACHABLE_CODE = YES;
				CLANG_WARN__DUPLICATE_METHOD_MATCH = YES;
				COPY_PHASE_STRIP = NO;
				DEBUG_INFORMATION_FORMAT = dwarf;
				ENABLE_STRICT_OBJC_MSGSEND = YES;
				ENABLE_TESTABILITY = YES;
				ENABLE_USER_SCRIPT_SANDBOXING = YES;
				GCC_C_LANGUAGE_STANDARD = gnu17;
				GCC_DYNAMIC_NO_PIC = NO;
				GCC_NO_COMMON_BLOCKS = YES;
				GCC_OPTIMIZATION_LEVEL = 0;
				GCC_PREPROCESSOR_DEFINITIONS = (
					"DEBUG=1",
					"$(inherited)",
				);
				GCC_WARN_64_TO_32_BIT_CONVERSION = YES;
				GCC_WARN_ABOUT_RETURN_TYPE = YES_ERROR;
				GCC_WARN_UNDECLARED_SELECTOR = YES;
				GCC_WARN_UNINITIALIZED_AUTOS = YES_AGGRESSIVE;
				GCC_WARN_UNUSED_FUNCTION = YES;
				GCC_WARN_UNUSED_VARIABLE = YES;
				IPHONEOS_DEPLOYMENT_TARGET = 17.5;
				LOCALIZATION_PREFERS_STRING_CATALOGS = YES;
				MTL_ENABLE_DEBUG_INFO = INCLUDE_SOURCE;
				MTL_FAST_MATH = YES;
				ONLY_ACTIVE_ARCH = YES;
				SDKROOT = iphoneos;
				SWIFT_ACTIVE_COMPILATION_CONDITIONS = "DEBUG $(inherited)";
				SWIFT_OPTIMIZATION_LEVEL = "-Onone";
			};
			name = Debug;
		};
		D15D68DC2CC060D300E57708 /* Release */ = {
			isa = XCBuildConfiguration;
			buildSettings = {
				ALWAYS_SEARCH_USER_PATHS = NO;
				ASSETCATALOG_COMPILER_GENERATE_SWIFT_ASSET_SYMBOL_EXTENSIONS = YES;
				CLANG_ANALYZER_NONNULL = YES;
				CLANG_ANALYZER_NUMBER_OBJECT_CONVERSION = YES_AGGRESSIVE;
				CLANG_CXX_LANGUAGE_STANDARD = "gnu++20";
				CLANG_ENABLE_MODULES = YES;
				CLANG_ENABLE_OBJC_ARC = YES;
				CLANG_ENABLE_OBJC_WEAK = YES;
				CLANG_WARN_BLOCK_CAPTURE_AUTORELEASING = YES;
				CLANG_WARN_BOOL_CONVERSION = YES;
				CLANG_WARN_COMMA = YES;
				CLANG_WARN_CONSTANT_CONVERSION = YES;
				CLANG_WARN_DEPRECATED_OBJC_IMPLEMENTATIONS = YES;
				CLANG_WARN_DIRECT_OBJC_ISA_USAGE = YES_ERROR;
				CLANG_WARN_DOCUMENTATION_COMMENTS = YES;
				CLANG_WARN_EMPTY_BODY = YES;
				CLANG_WARN_ENUM_CONVERSION = YES;
				CLANG_WARN_INFINITE_RECURSION = YES;
				CLANG_WARN_INT_CONVERSION = YES;
				CLANG_WARN_NON_LITERAL_NULL_CONVERSION = YES;
				CLANG_WARN_OBJC_IMPLICIT_RETAIN_SELF = YES;
				CLANG_WARN_OBJC_LITERAL_CONVERSION = YES;
				CLANG_WARN_OBJC_ROOT_CLASS = YES_ERROR;
				CLANG_WARN_QUOTED_INCLUDE_IN_FRAMEWORK_HEADER = YES;
				CLANG_WARN_RANGE_LOOP_ANALYSIS = YES;
				CLANG_WARN_STRICT_PROTOTYPES = YES;
				CLANG_WARN_SUSPICIOUS_MOVE = YES;
				CLANG_WARN_UNGUARDED_AVAILABILITY = YES_AGGRESSIVE;
				CLANG_WARN_UNREACHABLE_CODE = YES;
				CLANG_WARN__DUPLICATE_METHOD_MATCH = YES;
				COPY_PHASE_STRIP = NO;
				DEBUG_INFORMATION_FORMAT = "dwarf-with-dsym";
				ENABLE_NS_ASSERTIONS = NO;
				ENABLE_STRICT_OBJC_MSGSEND = YES;
				ENABLE_USER_SCRIPT_SANDBOXING = YES;
				GCC_C_LANGUAGE_STANDARD = gnu17;
				GCC_NO_COMMON_BLOCKS = YES;
				GCC_WARN_64_TO_32_BIT_CONVERSION = YES;
				GCC_WARN_ABOUT_RETURN_TYPE = YES_ERROR;
				GCC_WARN_UNDECLARED_SELECTOR = YES;
				GCC_WARN_UNINITIALIZED_AUTOS = YES_AGGRESSIVE;
				GCC_WARN_UNUSED_FUNCTION = YES;
				GCC_WARN_UNUSED_VARIABLE = YES;
				IPHONEOS_DEPLOYMENT_TARGET = 17.5;
				LOCALIZATION_PREFERS_STRING_CATALOGS = YES;
				MTL_ENABLE_DEBUG_INFO = NO;
				MTL_FAST_MATH = YES;
				SDKROOT = iphoneos;
				SWIFT_COMPILATION_MODE = wholemodule;
				VALIDATE_PRODUCT = YES;
			};
			name = Release;
		};
		D15D68DE2CC060D300E57708 /* Debug */ = {
			isa = XCBuildConfiguration;
			buildSettings = {
				ASSETCATALOG_COMPILER_APPICON_NAME = AppIcon;
				ASSETCATALOG_COMPILER_GLOBAL_ACCENT_COLOR_NAME = AccentColor;
				CODE_SIGN_STYLE = Automatic;
				CURRENT_PROJECT_VERSION = 1;
				DEVELOPMENT_ASSET_PATHS = "\"Snap2Spoon/Preview Content\"";
				DEVELOPMENT_TEAM = 84675W9PX8;
				ENABLE_PREVIEWS = YES;
				GENERATE_INFOPLIST_FILE = YES;
				INFOPLIST_FILE = Snap2Spoon/Info.plist;
				INFOPLIST_KEY_NSCameraUsageDescription = "This app needs camera access to take photos.";
				INFOPLIST_KEY_UIApplicationSceneManifest_Generation = YES;
				INFOPLIST_KEY_UIApplicationSupportsIndirectInputEvents = YES;
				INFOPLIST_KEY_UILaunchScreen_Generation = YES;
				INFOPLIST_KEY_UISupportedInterfaceOrientations_iPad = "UIInterfaceOrientationPortrait UIInterfaceOrientationPortraitUpsideDown UIInterfaceOrientationLandscapeLeft UIInterfaceOrientationLandscapeRight";
				INFOPLIST_KEY_UISupportedInterfaceOrientations_iPhone = "UIInterfaceOrientationPortrait UIInterfaceOrientationLandscapeLeft UIInterfaceOrientationLandscapeRight";
				LD_RUNPATH_SEARCH_PATHS = (
					"$(inherited)",
					"@executable_path/Frameworks",
				);
				MARKETING_VERSION = 1.0;
				PRODUCT_BUNDLE_IDENTIFIER = edu.usc.Snap2Spoon;
				PRODUCT_NAME = "$(TARGET_NAME)";
				SWIFT_EMIT_LOC_STRINGS = YES;
				SWIFT_VERSION = 5.0;
				TARGETED_DEVICE_FAMILY = "1,2";
			};
			name = Debug;
		};
		D15D68DF2CC060D300E57708 /* Release */ = {
			isa = XCBuildConfiguration;
			buildSettings = {
				ASSETCATALOG_COMPILER_APPICON_NAME = AppIcon;
				ASSETCATALOG_COMPILER_GLOBAL_ACCENT_COLOR_NAME = AccentColor;
				CODE_SIGN_STYLE = Automatic;
				CURRENT_PROJECT_VERSION = 1;
				DEVELOPMENT_ASSET_PATHS = "\"Snap2Spoon/Preview Content\"";
				DEVELOPMENT_TEAM = 84675W9PX8;
				ENABLE_PREVIEWS = YES;
				GENERATE_INFOPLIST_FILE = YES;
				INFOPLIST_FILE = Snap2Spoon/Info.plist;
				INFOPLIST_KEY_NSCameraUsageDescription = "This app needs camera access to take photos.";
				INFOPLIST_KEY_UIApplicationSceneManifest_Generation = YES;
				INFOPLIST_KEY_UIApplicationSupportsIndirectInputEvents = YES;
				INFOPLIST_KEY_UILaunchScreen_Generation = YES;
				INFOPLIST_KEY_UISupportedInterfaceOrientations_iPad = "UIInterfaceOrientationPortrait UIInterfaceOrientationPortraitUpsideDown UIInterfaceOrientationLandscapeLeft UIInterfaceOrientationLandscapeRight";
				INFOPLIST_KEY_UISupportedInterfaceOrientations_iPhone = "UIInterfaceOrientationPortrait UIInterfaceOrientationLandscapeLeft UIInterfaceOrientationLandscapeRight";
				LD_RUNPATH_SEARCH_PATHS = (
					"$(inherited)",
					"@executable_path/Frameworks",
				);
				MARKETING_VERSION = 1.0;
				PRODUCT_BUNDLE_IDENTIFIER = edu.usc.Snap2Spoon;
				PRODUCT_NAME = "$(TARGET_NAME)";
				SWIFT_EMIT_LOC_STRINGS = YES;
				SWIFT_VERSION = 5.0;
				TARGETED_DEVICE_FAMILY = "1,2";
			};
			name = Release;
		};
/* End XCBuildConfiguration section */

/* Begin XCConfigurationList section */
		D15D68CA2CC060D000E57708 /* Build configuration list for PBXProject "Snap2Spoon" */ = {
			isa = XCConfigurationList;
			buildConfigurations = (
				D15D68DB2CC060D300E57708 /* Debug */,
				D15D68DC2CC060D300E57708 /* Release */,
			);
			defaultConfigurationIsVisible = 0;
			defaultConfigurationName = Release;
		};
		D15D68DD2CC060D300E57708 /* Build configuration list for PBXNativeTarget "Snap2Spoon" */ = {
			isa = XCConfigurationList;
			buildConfigurations = (
				D15D68DE2CC060D300E57708 /* Debug */,
				D15D68DF2CC060D300E57708 /* Release */,
			);
			defaultConfigurationIsVisible = 0;
			defaultConfigurationName = Release;
		};
/* End XCConfigurationList section */

/* Begin XCRemoteSwiftPackageReference section */
		076249A72CE4953800E6BA4F /* XCRemoteSwiftPackageReference "Alamofire" */ = {
			isa = XCRemoteSwiftPackageReference;
			repositoryURL = "https://github.com/Alamofire/Alamofire.git";
			requirement = {
				kind = upToNextMajorVersion;
				minimumVersion = 5.10.1;
			};
		};
/* End XCRemoteSwiftPackageReference section */

/* Begin XCSwiftPackageProductDependency section */
		076249A82CE4953800E6BA4F /* Alamofire */ = {
			isa = XCSwiftPackageProductDependency;
			package = 076249A72CE4953800E6BA4F /* XCRemoteSwiftPackageReference "Alamofire" */;
			productName = Alamofire;
		};
/* End XCSwiftPackageProductDependency section */
	};
	rootObject = D15D68C72CC060D000E57708 /* Project object */;
}
